
Microsoft Visual Studio Solution File, Format Version 12.00
# Visual Studio Version 17
VisualStudioVersion = 17.6.33815.320
MinimumVisualStudioVersion = 10.0.40219.1
Project("{9A19103F-16F7-4668-BE54-9A1E7A4F7556}") = "SistemaVenta.API", "SisemaVenta.API\SistemaVenta.API.csproj", "{724B70CD-F615-4C2D-85EE-95A048CEA3BC}"
EndProject
Project("{9A19103F-16F7-4668-BE54-9A1E7A4F7556}") = "SistemaVenta.DAL", "SistemaVenta.DAL\SistemaVenta.DAL.csproj", "{F5B7D2F8-8C07-4CFA-A7DC-675DF3A20C71}"
EndProject
Project("{9A19103F-16F7-4668-BE54-9A1E7A4F7556}") = "SistemaVenta.BLL", "SistemaVenta.BLL\SistemaVenta.BLL.csproj", "{885B3935-66ED-448A-A533-C6F8B711914F}"
EndProject
Project("{9A19103F-16F7-4668-BE54-9A1E7A4F7556}") = "SistemaVenta.MODEL", "SistemaVenta.MODEL\SistemaVenta.MODEL.csproj", "{B414AEEE-FC81-4AB8-B287-60F35A088266}"
EndProject
Project("{9A19103F-16F7-4668-BE54-9A1E7A4F7556}") = "SistemaVenta.IOC", "SistemaVenta.IOC\SistemaVenta.IOC.csproj", "{2F2D88B6-E787-49D6-BF81-E29367966606}"
EndProject
Project("{9A19103F-16F7-4668-BE54-9A1E7A4F7556}") = "SistemaVenta.DTO", "SistemaVenta.DTO\SistemaVenta.DTO.csproj", "{F9291663-41AC-47E9-929A-56D50262514A}"
EndProject
Project("{9A19103F-16F7-4668-BE54-9A1E7A4F7556}") = "SistemaVenta.Utility", "SistemaVenta.Utility\SistemaVenta.Utility.csproj", "{E03A8DDA-4332-4059-91A8-E37DD93BB502}"
EndProject
Global
	GlobalSection(SolutionConfigurationPlatforms) = preSolution
		Debug|Any CPU = Debug|Any CPU
		Release|Any CPU = Release|Any CPU
	EndGlobalSection
	GlobalSection(ProjectConfigurationPlatforms) = postSolution
		{724B70CD-F615-4C2D-85EE-95A048CEA3BC}.Debug|Any CPU.ActiveCfg = Debug|Any CPU
		{724B70CD-F615-4C2D-85EE-95A048CEA3BC}.Debug|Any CPU.Build.0 = Debug|Any CPU
		{724B70CD-F615-4C2D-85EE-95A048CEA3BC}.Release|Any CPU.ActiveCfg = Release|Any CPU
		{724B70CD-F615-4C2D-85EE-95A048CEA3BC}.Release|Any CPU.Build.0 = Release|Any CPU
		{F5B7D2F8-8C07-4CFA-A7DC-675DF3A20C71}.Debug|Any CPU.ActiveCfg = Debug|Any CPU
		{F5B7D2F8-8C07-4CFA-A7DC-675DF3A20C71}.Debug|Any CPU.Build.0 = Debug|Any CPU
		{F5B7D2F8-8C07-4CFA-A7DC-675DF3A20C71}.Release|Any CPU.ActiveCfg = Release|Any CPU
		{F5B7D2F8-8C07-4CFA-A7DC-675DF3A20C71}.Release|Any CPU.Build.0 = Release|Any CPU
		{885B3935-66ED-448A-A533-C6F8B711914F}.Debug|Any CPU.ActiveCfg = Debug|Any CPU
		{885B3935-66ED-448A-A533-C6F8B711914F}.Debug|Any CPU.Build.0 = Debug|Any CPU
		{885B3935-66ED-448A-A533-C6F8B711914F}.Release|Any CPU.ActiveCfg = Release|Any CPU
		{885B3935-66ED-448A-A533-C6F8B711914F}.Release|Any CPU.Build.0 = Release|Any CPU
		{B414AEEE-FC81-4AB8-B287-60F35A088266}.Debug|Any CPU.ActiveCfg = Debug|Any CPU
		{B414AEEE-FC81-4AB8-B287-60F35A088266}.Debug|Any CPU.Build.0 = Debug|Any CPU
		{B414AEEE-FC81-4AB8-B287-60F35A088266}.Release|Any CPU.ActiveCfg = Release|Any CPU
		{B414AEEE-FC81-4AB8-B287-60F35A088266}.Release|Any CPU.Build.0 = Release|Any CPU
		{2F2D88B6-E787-49D6-BF81-E29367966606}.Debug|Any CPU.ActiveCfg = Debug|Any CPU
		{2F2D88B6-E787-49D6-BF81-E29367966606}.Debug|Any CPU.Build.0 = Debug|Any CPU
		{2F2D88B6-E787-49D6-BF81-E29367966606}.Release|Any CPU.ActiveCfg = Release|Any CPU
		{2F2D88B6-E787-49D6-BF81-E29367966606}.Release|Any CPU.Build.0 = Release|Any CPU
		{F9291663-41AC-47E9-929A-56D50262514A}.Debug|Any CPU.ActiveCfg = Debug|Any CPU
		{F9291663-41AC-47E9-929A-56D50262514A}.Debug|Any CPU.Build.0 = Debug|Any CPU
		{F9291663-41AC-47E9-929A-56D50262514A}.Release|Any CPU.ActiveCfg = Release|Any CPU
		{F9291663-41AC-47E9-929A-56D50262514A}.Release|Any CPU.Build.0 = Release|Any CPU
		{E03A8DDA-4332-4059-91A8-E37DD93BB502}.Debug|Any CPU.ActiveCfg = Debug|Any CPU
		{E03A8DDA-4332-4059-91A8-E37DD93BB502}.Debug|Any CPU.Build.0 = Debug|Any CPU
		{E03A8DDA-4332-4059-91A8-E37DD93BB502}.Release|Any CPU.ActiveCfg = Release|Any CPU
		{E03A8DDA-4332-4059-91A8-E37DD93BB502}.Release|Any CPU.Build.0 = Release|Any CPU
	EndGlobalSection
	GlobalSection(SolutionProperties) = preSolution
		HideSolutionNode = FALSE
	EndGlobalSection
	GlobalSection(ExtensibilityGlobals) = postSolution
		SolutionGuid = {7A143C52-5222-423F-B415-E36F6DC2E029}
	EndGlobalSection
EndGlobal
